// !$*UTF8*$!
{
	archiveVersion = 1;
	classes = {
	};
	objectVersion = 46;
	objects = {

/* Begin PBXBuildFile section */
		008D8F643072D5BE865A5AFB /* libPods-BPGStyle.a in Frameworks */ = {isa = PBXBuildFile; fileRef = 666A787159FD20B1FBBEB352 /* libPods-BPGStyle.a */; };
		7D3672FD204FDB4A0076CD4E /* 自带文件.rtf in Resources */ = {isa = PBXBuildFile; fileRef = 7D3672A8204FDB490076CD4E /* 自带文件.rtf */; };
		7D3672FE204FDB4A0076CD4E /* CodingStandards in Resources */ = {isa = PBXBuildFile; fileRef = 7D3672AB204FDB490076CD4E /* CodingStandards */; };
		7D3672FF204FDB4A0076CD4E /* 第三方工具 SDK.rtf in Resources */ = {isa = PBXBuildFile; fileRef = 7D3672AE204FDB490076CD4E /* 第三方工具 SDK.rtf */; };
		7D367300204FDB4A0076CD4E /* UIView+UIViewController.m in Sources */ = {isa = PBXBuildFile; fileRef = 7D3672B2204FDB490076CD4E /* UIView+UIViewController.m */; };
		7D367301204FDB4A0076CD4E /* UIView+Extension.m in Sources */ = {isa = PBXBuildFile; fileRef = 7D3672B3204FDB490076CD4E /* UIView+Extension.m */; };
		7D367302204FDB4A0076CD4E /* text.rtf in Resources */ = {isa = PBXBuildFile; fileRef = 7D3672B7204FDB490076CD4E /* text.rtf */; };
		7D367303204FDB4A0076CD4E /* text.rtf in Resources */ = {isa = PBXBuildFile; fileRef = 7D3672B9204FDB490076CD4E /* text.rtf */; };
		7D367305204FDB4A0076CD4E /* text.rtf in Resources */ = {isa = PBXBuildFile; fileRef = 7D3672BE204FDB490076CD4E /* text.rtf */; };
		7D367306204FDB4A0076CD4E /* text.rtf in Resources */ = {isa = PBXBuildFile; fileRef = 7D3672C1204FDB490076CD4E /* text.rtf */; };
		7D367307204FDB4A0076CD4E /* text.rtf in Resources */ = {isa = PBXBuildFile; fileRef = 7D3672C3204FDB4A0076CD4E /* text.rtf */; };
		7D367308204FDB4A0076CD4E /* text.rtf in Resources */ = {isa = PBXBuildFile; fileRef = 7D3672C5204FDB4A0076CD4E /* text.rtf */; };
		7D367309204FDB4A0076CD4E /* text.rtf in Resources */ = {isa = PBXBuildFile; fileRef = 7D3672C7204FDB4A0076CD4E /* text.rtf */; };
		7D36730A204FDB4A0076CD4E /* text.rtf in Resources */ = {isa = PBXBuildFile; fileRef = 7D3672CA204FDB4A0076CD4E /* text.rtf */; };
		7D36730B204FDB4A0076CD4E /* text.rtf in Resources */ = {isa = PBXBuildFile; fileRef = 7D3672CC204FDB4A0076CD4E /* text.rtf */; };
		7D36730C204FDB4A0076CD4E /* MineViewController.m in Sources */ = {isa = PBXBuildFile; fileRef = 7D3672CF204FDB4A0076CD4E /* MineViewController.m */; };
		7D36730D204FDB4A0076CD4E /* text.rtf in Resources */ = {isa = PBXBuildFile; fileRef = 7D3672D1204FDB4A0076CD4E /* text.rtf */; };
		7D367312204FDB4A0076CD4E /* text.rtf in Resources */ = {isa = PBXBuildFile; fileRef = 7D3672DE204FDB4A0076CD4E /* text.rtf */; };
		7D367313204FDB4A0076CD4E /* text.rtf in Resources */ = {isa = PBXBuildFile; fileRef = 7D3672E0204FDB4A0076CD4E /* text.rtf */; };
		7D367314204FDB4A0076CD4E /* BaseViewController.m in Sources */ = {isa = PBXBuildFile; fileRef = 7D3672E3204FDB4A0076CD4E /* BaseViewController.m */; };
		7D367315204FDB4A0076CD4E /* BaseNavigationController.m in Sources */ = {isa = PBXBuildFile; fileRef = 7D3672E4204FDB4A0076CD4E /* BaseNavigationController.m */; };
		7D367316204FDB4A0076CD4E /* TableViewViewController.m in Sources */ = {isa = PBXBuildFile; fileRef = 7D3672E6204FDB4A0076CD4E /* TableViewViewController.m */; };
		7D367317204FDB4A0076CD4E /* TabBarViewController.m in Sources */ = {isa = PBXBuildFile; fileRef = 7D3672E9204FDB4A0076CD4E /* TabBarViewController.m */; };
		7D367318204FDB4A0076CD4E /* text.rtf in Resources */ = {isa = PBXBuildFile; fileRef = 7D3672EB204FDB4A0076CD4E /* text.rtf */; };
		7D367319204FDB4A0076CD4E /* 自定义文件 工具.rtf in Resources */ = {isa = PBXBuildFile; fileRef = 7D3672ED204FDB4A0076CD4E /* 自定义文件 工具.rtf */; };
		7D36731A204FDB4A0076CD4E /* Assets.xcassets in Resources */ = {isa = PBXBuildFile; fileRef = 7D3672F0204FDB4A0076CD4E /* Assets.xcassets */; };
		7D36731B204FDB4A0076CD4E /* ViewController.m in Sources */ = {isa = PBXBuildFile; fileRef = 7D3672F1204FDB4A0076CD4E /* ViewController.m */; };
		7D36731C204FDB4A0076CD4E /* LaunchScreen.storyboard in Resources */ = {isa = PBXBuildFile; fileRef = 7D3672F2204FDB4A0076CD4E /* LaunchScreen.storyboard */; };
		7D36731D204FDB4A0076CD4E /* Main.storyboard in Resources */ = {isa = PBXBuildFile; fileRef = 7D3672F4204FDB4A0076CD4E /* Main.storyboard */; };
		7D36731E204FDB4A0076CD4E /* main.m in Sources */ = {isa = PBXBuildFile; fileRef = 7D3672F6204FDB4A0076CD4E /* main.m */; };
		7D36731F204FDB4A0076CD4E /* AppDelegate.m in Sources */ = {isa = PBXBuildFile; fileRef = 7D3672F7204FDB4A0076CD4E /* AppDelegate.m */; };
		7D367320204FDB4A0076CD4E /* Info.plist in Resources */ = {isa = PBXBuildFile; fileRef = 7D3672F9204FDB4A0076CD4E /* Info.plist */; };
		7D367321204FDB4A0076CD4E /* 帮助工具.rtf in Resources */ = {isa = PBXBuildFile; fileRef = 7D3672FC204FDB4A0076CD4E /* 帮助工具.rtf */; };
		7D367324204FDB8A0076CD4E /* BPTmpViewController.m in Sources */ = {isa = PBXBuildFile; fileRef = 7D367323204FDB8A0076CD4E /* BPTmpViewController.m */; };
/* End PBXBuildFile section */

/* Begin PBXFileReference section */
		666A787159FD20B1FBBEB352 /* libPods-BPGStyle.a */ = {isa = PBXFileReference; explicitFileType = archive.ar; includeInIndex = 0; path = "libPods-BPGStyle.a"; sourceTree = BUILT_PRODUCTS_DIR; };
		6C36E0230C6BB86A8F3FAADD /* Pods-BPGStyle.release.xcconfig */ = {isa = PBXFileReference; includeInIndex = 1; lastKnownFileType = text.xcconfig; name = "Pods-BPGStyle.release.xcconfig"; path = "Pods/Target Support Files/Pods-BPGStyle/Pods-BPGStyle.release.xcconfig"; sourceTree = "<group>"; };
		7D2344C61EE806C400DBDB43 /* BPGStyle.app */ = {isa = PBXFileReference; explicitFileType = wrapper.application; includeInIndex = 0; path = BPGStyle.app; sourceTree = BUILT_PRODUCTS_DIR; };
		7D3672A8204FDB490076CD4E /* 自带文件.rtf */ = {isa = PBXFileReference; fileEncoding = 4; lastKnownFileType = text.rtf; path = "自带文件.rtf"; sourceTree = "<group>"; };
		7D3672AA204FDB490076CD4E /* KHeaderLibrary.h */ = {isa = PBXFileReference; fileEncoding = 4; lastKnownFileType = sourcecode.c.h; path = KHeaderLibrary.h; sourceTree = "<group>"; };
		7D3672AB204FDB490076CD4E /* CodingStandards */ = {isa = PBXFileReference; fileEncoding = 4; lastKnownFileType = text; path = CodingStandards; sourceTree = "<group>"; };
		7D3672AC204FDB490076CD4E /* KHeaderConfig.h */ = {isa = PBXFileReference; fileEncoding = 4; lastKnownFileType = sourcecode.c.h; path = KHeaderConfig.h; sourceTree = "<group>"; };
		7D3672AE204FDB490076CD4E /* 第三方工具 SDK.rtf */ = {isa = PBXFileReference; fileEncoding = 4; lastKnownFileType = text.rtf; path = "第三方工具 SDK.rtf"; sourceTree = "<group>"; };
		7D3672B0204FDB490076CD4E /* UIView+Extension.h */ = {isa = PBXFileReference; fileEncoding = 4; lastKnownFileType = sourcecode.c.h; path = "UIView+Extension.h"; sourceTree = "<group>"; };
		7D3672B1204FDB490076CD4E /* UIView+UIViewController.h */ = {isa = PBXFileReference; fileEncoding = 4; lastKnownFileType = sourcecode.c.h; path = "UIView+UIViewController.h"; sourceTree = "<group>"; };
		7D3672B2204FDB490076CD4E /* UIView+UIViewController.m */ = {isa = PBXFileReference; fileEncoding = 4; lastKnownFileType = sourcecode.c.objc; path = "UIView+UIViewController.m"; sourceTree = "<group>"; };
		7D3672B3204FDB490076CD4E /* UIView+Extension.m */ = {isa = PBXFileReference; fileEncoding = 4; lastKnownFileType = sourcecode.c.objc; path = "UIView+Extension.m"; sourceTree = "<group>"; };
		7D3672B7204FDB490076CD4E /* text.rtf */ = {isa = PBXFileReference; fileEncoding = 4; lastKnownFileType = text.rtf; path = text.rtf; sourceTree = "<group>"; };
		7D3672B9204FDB490076CD4E /* text.rtf */ = {isa = PBXFileReference; fileEncoding = 4; lastKnownFileType = text.rtf; path = text.rtf; sourceTree = "<group>"; };
		7D3672BE204FDB490076CD4E /* text.rtf */ = {isa = PBXFileReference; fileEncoding = 4; lastKnownFileType = text.rtf; path = text.rtf; sourceTree = "<group>"; };
		7D3672C1204FDB490076CD4E /* text.rtf */ = {isa = PBXFileReference; fileEncoding = 4; lastKnownFileType = text.rtf; path = text.rtf; sourceTree = "<group>"; };
		7D3672C3204FDB4A0076CD4E /* text.rtf */ = {isa = PBXFileReference; fileEncoding = 4; lastKnownFileType = text.rtf; path = text.rtf; sourceTree = "<group>"; };
		7D3672C5204FDB4A0076CD4E /* text.rtf */ = {isa = PBXFileReference; fileEncoding = 4; lastKnownFileType = text.rtf; path = text.rtf; sourceTree = "<group>"; };
		7D3672C7204FDB4A0076CD4E /* text.rtf */ = {isa = PBXFileReference; fileEncoding = 4; lastKnownFileType = text.rtf; path = text.rtf; sourceTree = "<group>"; };
		7D3672CA204FDB4A0076CD4E /* text.rtf */ = {isa = PBXFileReference; fileEncoding = 4; lastKnownFileType = text.rtf; path = text.rtf; sourceTree = "<group>"; };
		7D3672CC204FDB4A0076CD4E /* text.rtf */ = {isa = PBXFileReference; fileEncoding = 4; lastKnownFileType = text.rtf; path = text.rtf; sourceTree = "<group>"; };
		7D3672CE204FDB4A0076CD4E /* MineViewController.h */ = {isa = PBXFileReference; fileEncoding = 4; lastKnownFileType = sourcecode.c.h; path = MineViewController.h; sourceTree = "<group>"; };
		7D3672CF204FDB4A0076CD4E /* MineViewController.m */ = {isa = PBXFileReference; fileEncoding = 4; lastKnownFileType = sourcecode.c.objc; path = MineViewController.m; sourceTree = "<group>"; };
		7D3672D1204FDB4A0076CD4E /* text.rtf */ = {isa = PBXFileReference; fileEncoding = 4; lastKnownFileType = text.rtf; path = text.rtf; sourceTree = "<group>"; };
		7D3672DE204FDB4A0076CD4E /* text.rtf */ = {isa = PBXFileReference; fileEncoding = 4; lastKnownFileType = text.rtf; path = text.rtf; sourceTree = "<group>"; };
		7D3672E0204FDB4A0076CD4E /* text.rtf */ = {isa = PBXFileReference; fileEncoding = 4; lastKnownFileType = text.rtf; path = text.rtf; sourceTree = "<group>"; };
		7D3672E2204FDB4A0076CD4E /* TableViewViewController.h */ = {isa = PBXFileReference; fileEncoding = 4; lastKnownFileType = sourcecode.c.h; path = TableViewViewController.h; sourceTree = "<group>"; };
		7D3672E3204FDB4A0076CD4E /* BaseViewController.m */ = {isa = PBXFileReference; fileEncoding = 4; lastKnownFileType = sourcecode.c.objc; path = BaseViewController.m; sourceTree = "<group>"; };
		7D3672E4204FDB4A0076CD4E /* BaseNavigationController.m */ = {isa = PBXFileReference; fileEncoding = 4; lastKnownFileType = sourcecode.c.objc; path = BaseNavigationController.m; sourceTree = "<group>"; };
		7D3672E5204FDB4A0076CD4E /* TabBarViewController.h */ = {isa = PBXFileReference; fileEncoding = 4; lastKnownFileType = sourcecode.c.h; path = TabBarViewController.h; sourceTree = "<group>"; };
		7D3672E6204FDB4A0076CD4E /* TableViewViewController.m */ = {isa = PBXFileReference; fileEncoding = 4; lastKnownFileType = sourcecode.c.objc; path = TableViewViewController.m; sourceTree = "<group>"; };
		7D3672E7204FDB4A0076CD4E /* BaseNavigationController.h */ = {isa = PBXFileReference; fileEncoding = 4; lastKnownFileType = sourcecode.c.h; path = BaseNavigationController.h; sourceTree = "<group>"; };
		7D3672E8204FDB4A0076CD4E /* BaseViewController.h */ = {isa = PBXFileReference; fileEncoding = 4; lastKnownFileType = sourcecode.c.h; path = BaseViewController.h; sourceTree = "<group>"; };
		7D3672E9204FDB4A0076CD4E /* TabBarViewController.m */ = {isa = PBXFileReference; fileEncoding = 4; lastKnownFileType = sourcecode.c.objc; path = TabBarViewController.m; sourceTree = "<group>"; };
		7D3672EB204FDB4A0076CD4E /* text.rtf */ = {isa = PBXFileReference; fileEncoding = 4; lastKnownFileType = text.rtf; path = text.rtf; sourceTree = "<group>"; };
		7D3672ED204FDB4A0076CD4E /* 自定义文件 工具.rtf */ = {isa = PBXFileReference; fileEncoding = 4; lastKnownFileType = text.rtf; path = "自定义文件 工具.rtf"; sourceTree = "<group>"; };
		7D3672EF204FDB4A0076CD4E /* AppDelegate.h */ = {isa = PBXFileReference; fileEncoding = 4; lastKnownFileType = sourcecode.c.h; path = AppDelegate.h; sourceTree = "<group>"; };
		7D3672F0204FDB4A0076CD4E /* Assets.xcassets */ = {isa = PBXFileReference; lastKnownFileType = folder.assetcatalog; path = Assets.xcassets; sourceTree = "<group>"; };
		7D3672F1204FDB4A0076CD4E /* ViewController.m */ = {isa = PBXFileReference; fileEncoding = 4; lastKnownFileType = sourcecode.c.objc; path = ViewController.m; sourceTree = "<group>"; };
		7D3672F3204FDB4A0076CD4E /* Base */ = {isa = PBXFileReference; lastKnownFileType = file.storyboard; name = Base; path = Base.lproj/LaunchScreen.storyboard; sourceTree = "<group>"; };
		7D3672F5204FDB4A0076CD4E /* Base */ = {isa = PBXFileReference; lastKnownFileType = file.storyboard; name = Base; path = Base.lproj/Main.storyboard; sourceTree = "<group>"; };
		7D3672F6204FDB4A0076CD4E /* main.m */ = {isa = PBXFileReference; fileEncoding = 4; lastKnownFileType = sourcecode.c.objc; path = main.m; sourceTree = "<group>"; };
		7D3672F7204FDB4A0076CD4E /* AppDelegate.m */ = {isa = PBXFileReference; fileEncoding = 4; lastKnownFileType = sourcecode.c.objc; path = AppDelegate.m; sourceTree = "<group>"; };
		7D3672F8204FDB4A0076CD4E /* PrefixHeader.pch */ = {isa = PBXFileReference; fileEncoding = 4; lastKnownFileType = sourcecode.c.h; path = PrefixHeader.pch; sourceTree = "<group>"; };
		7D3672F9204FDB4A0076CD4E /* Info.plist */ = {isa = PBXFileReference; fileEncoding = 4; lastKnownFileType = text.plist.xml; path = Info.plist; sourceTree = "<group>"; };
		7D3672FA204FDB4A0076CD4E /* ViewController.h */ = {isa = PBXFileReference; fileEncoding = 4; lastKnownFileType = sourcecode.c.h; path = ViewController.h; sourceTree = "<group>"; };
		7D3672FC204FDB4A0076CD4E /* 帮助工具.rtf */ = {isa = PBXFileReference; fileEncoding = 4; lastKnownFileType = text.rtf; path = "帮助工具.rtf"; sourceTree = "<group>"; };
		7D367322204FDB8A0076CD4E /* BPTmpViewController.h */ = {isa = PBXFileReference; lastKnownFileType = sourcecode.c.h; path = BPTmpViewController.h; sourceTree = "<group>"; };
		7D367323204FDB8A0076CD4E /* BPTmpViewController.m */ = {isa = PBXFileReference; lastKnownFileType = sourcecode.c.objc; path = BPTmpViewController.m; sourceTree = "<group>"; };
		7D367325204FDC900076CD4E /* zh-Hans */ = {isa = PBXFileReference; lastKnownFileType = text.plist.strings; name = "zh-Hans"; path = "zh-Hans.lproj/LaunchScreen.strings"; sourceTree = "<group>"; };
		7D367326204FDC900076CD4E /* zh-Hans */ = {isa = PBXFileReference; lastKnownFileType = text.plist.strings; name = "zh-Hans"; path = "zh-Hans.lproj/Main.strings"; sourceTree = "<group>"; };
		BFA9C8B61879D6A6DE55C7A3 /* Pods-BPGStyle.debug.xcconfig */ = {isa = PBXFileReference; includeInIndex = 1; lastKnownFileType = text.xcconfig; name = "Pods-BPGStyle.debug.xcconfig"; path = "Pods/Target Support Files/Pods-BPGStyle/Pods-BPGStyle.debug.xcconfig"; sourceTree = "<group>"; };
/* End PBXFileReference section */

/* Begin PBXFrameworksBuildPhase section */
		7D2344C31EE806C400DBDB43 /* Frameworks */ = {
			isa = PBXFrameworksBuildPhase;
			buildActionMask = 2147483647;
			files = (
				008D8F643072D5BE865A5AFB /* libPods-BPGStyle.a in Frameworks */,
			);
			runOnlyForDeploymentPostprocessing = 0;
		};
/* End PBXFrameworksBuildPhase section */

/* Begin PBXGroup section */
		7D2344BD1EE806C400DBDB43 = {
			isa = PBXGroup;
			children = (
				7D2344C81EE806C400DBDB43 /* BPGStyle */,
				7D2344C71EE806C400DBDB43 /* Products */,
				ACFCC50C77ED226F5BE6A72E /* Pods */,
				B4A90E36496DA09B25287077 /* Frameworks */,
			);
			sourceTree = "<group>";
		};
		7D2344C71EE806C400DBDB43 /* Products */ = {
			isa = PBXGroup;
			children = (
				7D2344C61EE806C400DBDB43 /* BPGStyle.app */,
			);
			name = Products;
			sourceTree = "<group>";
		};
		7D2344C81EE806C400DBDB43 /* BPGStyle */ = {
			isa = PBXGroup;
			children = (
				7D3672EE204FDB4A0076CD4E /* AppEntry */,
				7D3672AF204FDB490076CD4E /* Categories */,
				7D3672A9204FDB490076CD4E /* Config */,
				7D3672FB204FDB4A0076CD4E /* Helper */,
				7D3672A7204FDB490076CD4E /* Resources */,
				7D3672B4204FDB490076CD4E /* ServiceModule */,
				7D3672AD204FDB490076CD4E /* Third */,
				7D3672EC204FDB4A0076CD4E /* Tools */,
			);
			path = BPGStyle;
			sourceTree = "<group>";
		};
		7D3672A7204FDB490076CD4E /* Resources */ = {
			isa = PBXGroup;
			children = (
				7D3672A8204FDB490076CD4E /* 自带文件.rtf */,
			);
			path = Resources;
			sourceTree = "<group>";
		};
		7D3672A9204FDB490076CD4E /* Config */ = {
			isa = PBXGroup;
			children = (
				7D3672AA204FDB490076CD4E /* KHeaderLibrary.h */,
				7D3672AC204FDB490076CD4E /* KHeaderConfig.h */,
				7D3672AB204FDB490076CD4E /* CodingStandards */,
			);
			path = Config;
			sourceTree = "<group>";
		};
		7D3672AD204FDB490076CD4E /* Third */ = {
			isa = PBXGroup;
			children = (
				7D3672AE204FDB490076CD4E /* 第三方工具 SDK.rtf */,
			);
			path = Third;
			sourceTree = "<group>";
		};
		7D3672AF204FDB490076CD4E /* Categories */ = {
			isa = PBXGroup;
			children = (
				7D3672B0204FDB490076CD4E /* UIView+Extension.h */,
				7D3672B3204FDB490076CD4E /* UIView+Extension.m */,
				7D3672B1204FDB490076CD4E /* UIView+UIViewController.h */,
				7D3672B2204FDB490076CD4E /* UIView+UIViewController.m */,
			);
			path = Categories;
			sourceTree = "<group>";
		};
		7D3672B4204FDB490076CD4E /* ServiceModule */ = {
			isa = PBXGroup;
			children = (
				7D3672DC204FDB4A0076CD4E /* Base */,
				7D3672BF204FDB490076CD4E /* LoginRegister */,
				7D3672B5204FDB490076CD4E /* BPTmp1 */,
				7D3672C8204FDB4A0076CD4E /* Mine */,
			);
			path = ServiceModule;
			sourceTree = "<group>";
		};
		7D3672B5204FDB490076CD4E /* BPTmp1 */ = {
			isa = PBXGroup;
			children = (
				7D3672B6204FDB490076CD4E /* Models */,
				7D3672B8204FDB490076CD4E /* Request */,
				7D3672BA204FDB490076CD4E /* Controllers */,
				7D3672BD204FDB490076CD4E /* Views */,
			);
			path = BPTmp1;
			sourceTree = "<group>";
		};
		7D3672B6204FDB490076CD4E /* Models */ = {
			isa = PBXGroup;
			children = (
				7D3672B7204FDB490076CD4E /* text.rtf */,
			);
			path = Models;
			sourceTree = "<group>";
		};
		7D3672B8204FDB490076CD4E /* Request */ = {
			isa = PBXGroup;
			children = (
				7D3672B9204FDB490076CD4E /* text.rtf */,
			);
			path = Request;
			sourceTree = "<group>";
		};
		7D3672BA204FDB490076CD4E /* Controllers */ = {
			isa = PBXGroup;
			children = (
				7D367322204FDB8A0076CD4E /* BPTmpViewController.h */,
				7D367323204FDB8A0076CD4E /* BPTmpViewController.m */,
			);
			path = Controllers;
			sourceTree = "<group>";
		};
		7D3672BD204FDB490076CD4E /* Views */ = {
			isa = PBXGroup;
			children = (
				7D3672BE204FDB490076CD4E /* text.rtf */,
			);
			path = Views;
			sourceTree = "<group>";
		};
		7D3672BF204FDB490076CD4E /* LoginRegister */ = {
			isa = PBXGroup;
			children = (
				7D3672C0204FDB490076CD4E /* Models */,
				7D3672C2204FDB490076CD4E /* Request */,
				7D3672C4204FDB4A0076CD4E /* Controllers */,
				7D3672C6204FDB4A0076CD4E /* Views */,
			);
			path = LoginRegister;
			sourceTree = "<group>";
		};
		7D3672C0204FDB490076CD4E /* Models */ = {
			isa = PBXGroup;
			children = (
				7D3672C1204FDB490076CD4E /* text.rtf */,
			);
			path = Models;
			sourceTree = "<group>";
		};
		7D3672C2204FDB490076CD4E /* Request */ = {
			isa = PBXGroup;
			children = (
				7D3672C3204FDB4A0076CD4E /* text.rtf */,
			);
			path = Request;
			sourceTree = "<group>";
		};
		7D3672C4204FDB4A0076CD4E /* Controllers */ = {
			isa = PBXGroup;
			children = (
				7D3672C5204FDB4A0076CD4E /* text.rtf */,
			);
			path = Controllers;
			sourceTree = "<group>";
		};
		7D3672C6204FDB4A0076CD4E /* Views */ = {
			isa = PBXGroup;
			children = (
				7D3672C7204FDB4A0076CD4E /* text.rtf */,
			);
			path = Views;
			sourceTree = "<group>";
		};
		7D3672C8204FDB4A0076CD4E /* Mine */ = {
			isa = PBXGroup;
			children = (
				7D3672C9204FDB4A0076CD4E /* Models */,
				7D3672CB204FDB4A0076CD4E /* Request */,
				7D3672CD204FDB4A0076CD4E /* Controllers */,
				7D3672D0204FDB4A0076CD4E /* Views */,
			);
			path = Mine;
			sourceTree = "<group>";
		};
		7D3672C9204FDB4A0076CD4E /* Models */ = {
			isa = PBXGroup;
			children = (
				7D3672CA204FDB4A0076CD4E /* text.rtf */,
			);
			path = Models;
			sourceTree = "<group>";
		};
		7D3672CB204FDB4A0076CD4E /* Request */ = {
			isa = PBXGroup;
			children = (
				7D3672CC204FDB4A0076CD4E /* text.rtf */,
			);
			path = Request;
			sourceTree = "<group>";
		};
		7D3672CD204FDB4A0076CD4E /* Controllers */ = {
			isa = PBXGroup;
			children = (
				7D3672CE204FDB4A0076CD4E /* MineViewController.h */,
				7D3672CF204FDB4A0076CD4E /* MineViewController.m */,
			);
			path = Controllers;
			sourceTree = "<group>";
		};
		7D3672D0204FDB4A0076CD4E /* Views */ = {
			isa = PBXGroup;
			children = (
				7D3672D1204FDB4A0076CD4E /* text.rtf */,
			);
			path = Views;
			sourceTree = "<group>";
		};
		7D3672DC204FDB4A0076CD4E /* Base */ = {
			isa = PBXGroup;
			children = (
				7D3672DD204FDB4A0076CD4E /* Models */,
				7D3672DF204FDB4A0076CD4E /* Request */,
				7D3672E1204FDB4A0076CD4E /* Controllers */,
				7D3672EA204FDB4A0076CD4E /* Views */,
			);
			path = Base;
			sourceTree = "<group>";
		};
		7D3672DD204FDB4A0076CD4E /* Models */ = {
			isa = PBXGroup;
			children = (
				7D3672DE204FDB4A0076CD4E /* text.rtf */,
			);
			path = Models;
			sourceTree = "<group>";
		};
		7D3672DF204FDB4A0076CD4E /* Request */ = {
			isa = PBXGroup;
			children = (
				7D3672E0204FDB4A0076CD4E /* text.rtf */,
			);
			path = Request;
			sourceTree = "<group>";
		};
		7D3672E1204FDB4A0076CD4E /* Controllers */ = {
			isa = PBXGroup;
			children = (
				7D3672E5204FDB4A0076CD4E /* TabBarViewController.h */,
				7D3672E9204FDB4A0076CD4E /* TabBarViewController.m */,
				7D3672E7204FDB4A0076CD4E /* BaseNavigationController.h */,
				7D3672E4204FDB4A0076CD4E /* BaseNavigationController.m */,
				7D3672E8204FDB4A0076CD4E /* BaseViewController.h */,
				7D3672E3204FDB4A0076CD4E /* BaseViewController.m */,
				7D3672E2204FDB4A0076CD4E /* TableViewViewController.h */,
				7D3672E6204FDB4A0076CD4E /* TableViewViewController.m */,
			);
			path = Controllers;
			sourceTree = "<group>";
		};
		7D3672EA204FDB4A0076CD4E /* Views */ = {
			isa = PBXGroup;
			children = (
				7D3672EB204FDB4A0076CD4E /* text.rtf */,
			);
			path = Views;
			sourceTree = "<group>";
		};
		7D3672EC204FDB4A0076CD4E /* Tools */ = {
			isa = PBXGroup;
			children = (
				7D3672ED204FDB4A0076CD4E /* 自定义文件 工具.rtf */,
			);
			path = Tools;
			sourceTree = "<group>";
		};
		7D3672EE204FDB4A0076CD4E /* AppEntry */ = {
			isa = PBXGroup;
			children = (
				7D3672EF204FDB4A0076CD4E /* AppDelegate.h */,
				7D3672F7204FDB4A0076CD4E /* AppDelegate.m */,
				7D3672FA204FDB4A0076CD4E /* ViewController.h */,
				7D3672F1204FDB4A0076CD4E /* ViewController.m */,
				7D3672F0204FDB4A0076CD4E /* Assets.xcassets */,
				7D3672F2204FDB4A0076CD4E /* LaunchScreen.storyboard */,
				7D3672F4204FDB4A0076CD4E /* Main.storyboard */,
				7D3672F6204FDB4A0076CD4E /* main.m */,
				7D3672F9204FDB4A0076CD4E /* Info.plist */,
				7D3672F8204FDB4A0076CD4E /* PrefixHeader.pch */,
			);
			path = AppEntry;
			sourceTree = "<group>";
		};
		7D3672FB204FDB4A0076CD4E /* Helper */ = {
			isa = PBXGroup;
			children = (
				7D3672FC204FDB4A0076CD4E /* 帮助工具.rtf */,
			);
			path = Helper;
			sourceTree = "<group>";
		};
		ACFCC50C77ED226F5BE6A72E /* Pods */ = {
			isa = PBXGroup;
			children = (
				BFA9C8B61879D6A6DE55C7A3 /* Pods-BPGStyle.debug.xcconfig */,
				6C36E0230C6BB86A8F3FAADD /* Pods-BPGStyle.release.xcconfig */,
			);
			name = Pods;
			sourceTree = "<group>";
		};
		B4A90E36496DA09B25287077 /* Frameworks */ = {
			isa = PBXGroup;
			children = (
				666A787159FD20B1FBBEB352 /* libPods-BPGStyle.a */,
			);
			name = Frameworks;
			sourceTree = "<group>";
		};
/* End PBXGroup section */

/* Begin PBXNativeTarget section */
		7D2344C51EE806C400DBDB43 /* BPGStyle */ = {
			isa = PBXNativeTarget;
			buildConfigurationList = 7D2344DD1EE806C400DBDB43 /* Build configuration list for PBXNativeTarget "BPGStyle" */;
			buildPhases = (
				AC0B4E0958B9E571BE17FA15 /* [CP] Check Pods Manifest.lock */,
				7D2344C21EE806C400DBDB43 /* Sources */,
				7D2344C31EE806C400DBDB43 /* Frameworks */,
				7D2344C41EE806C400DBDB43 /* Resources */,
				382231A2C43845FEBCDFF50F /* [CP] Embed Pods Frameworks */,
				A3A332019E84026F64770512 /* [CP] Copy Pods Resources */,
			);
			buildRules = (
			);
			dependencies = (
			);
			name = BPGStyle;
			productName = BPGStyle;
			productReference = 7D2344C61EE806C400DBDB43 /* BPGStyle.app */;
			productType = "com.apple.product-type.application";
		};
/* End PBXNativeTarget section */

/* Begin PBXProject section */
		7D2344BE1EE806C400DBDB43 /* Project object */ = {
			isa = PBXProject;
			attributes = {
				LastUpgradeCheck = 0830;
				ORGANIZATIONNAME = BPG;
				TargetAttributes = {
					7D2344C51EE806C400DBDB43 = {
						CreatedOnToolsVersion = 8.3.2;
						DevelopmentTeam = 56KLR2NSW8;
						ProvisioningStyle = Automatic;
					};
				};
			};
			buildConfigurationList = 7D2344C11EE806C400DBDB43 /* Build configuration list for PBXProject "BPGStyle" */;
			compatibilityVersion = "Xcode 3.2";
			developmentRegion = English;
			hasScannedForEncodings = 0;
			knownRegions = (
				en,
				Base,
			);
			mainGroup = 7D2344BD1EE806C400DBDB43;
			productRefGroup = 7D2344C71EE806C400DBDB43 /* Products */;
			projectDirPath = "";
			projectRoot = "";
			targets = (
				7D2344C51EE806C400DBDB43 /* BPGStyle */,
			);
		};
/* End PBXProject section */

/* Begin PBXResourcesBuildPhase section */
		7D2344C41EE806C400DBDB43 /* Resources */ = {
			isa = PBXResourcesBuildPhase;
			buildActionMask = 2147483647;
			files = (
				7D367319204FDB4A0076CD4E /* 自定义文件 工具.rtf in Resources */,
				7D367306204FDB4A0076CD4E /* text.rtf in Resources */,
				7D367313204FDB4A0076CD4E /* text.rtf in Resources */,
				7D367308204FDB4A0076CD4E /* text.rtf in Resources */,
				7D36731A204FDB4A0076CD4E /* Assets.xcassets in Resources */,
				7D3672FF204FDB4A0076CD4E /* 第三方工具 SDK.rtf in Resources */,
				7D367305204FDB4A0076CD4E /* text.rtf in Resources */,
				7D367320204FDB4A0076CD4E /* Info.plist in Resources */,
				7D3672FD204FDB4A0076CD4E /* 自带文件.rtf in Resources */,
				7D36731C204FDB4A0076CD4E /* LaunchScreen.storyboard in Resources */,
				7D3672FE204FDB4A0076CD4E /* CodingStandards in Resources */,
				7D36731D204FDB4A0076CD4E /* Main.storyboard in Resources */,
				7D367302204FDB4A0076CD4E /* text.rtf in Resources */,
				7D36730B204FDB4A0076CD4E /* text.rtf in Resources */,
				7D36730A204FDB4A0076CD4E /* text.rtf in Resources */,
				7D367312204FDB4A0076CD4E /* text.rtf in Resources */,
				7D367321204FDB4A0076CD4E /* 帮助工具.rtf in Resources */,
				7D367303204FDB4A0076CD4E /* text.rtf in Resources */,
				7D367307204FDB4A0076CD4E /* text.rtf in Resources */,
				7D36730D204FDB4A0076CD4E /* text.rtf in Resources */,
				7D367309204FDB4A0076CD4E /* text.rtf in Resources */,
				7D367318204FDB4A0076CD4E /* text.rtf in Resources */,
			);
			runOnlyForDeploymentPostprocessing = 0;
		};
/* End PBXResourcesBuildPhase section */

/* Begin PBXShellScriptBuildPhase section */
		382231A2C43845FEBCDFF50F /* [CP] Embed Pods Frameworks */ = {
			isa = PBXShellScriptBuildPhase;
			buildActionMask = 2147483647;
			files = (
			);
			inputPaths = (
			);
			name = "[CP] Embed Pods Frameworks";
			outputPaths = (
			);
			runOnlyForDeploymentPostprocessing = 0;
			shellPath = /bin/sh;
			shellScript = "\"${SRCROOT}/Pods/Target Support Files/Pods-BPGStyle/Pods-BPGStyle-frameworks.sh\"\n";
			showEnvVarsInLog = 0;
		};
		A3A332019E84026F64770512 /* [CP] Copy Pods Resources */ = {
			isa = PBXShellScriptBuildPhase;
			buildActionMask = 2147483647;
			files = (
			);
			inputPaths = (
			);
			name = "[CP] Copy Pods Resources";
			outputPaths = (
			);
			runOnlyForDeploymentPostprocessing = 0;
			shellPath = /bin/sh;
			shellScript = "\"${SRCROOT}/Pods/Target Support Files/Pods-BPGStyle/Pods-BPGStyle-resources.sh\"\n";
			showEnvVarsInLog = 0;
		};
		AC0B4E0958B9E571BE17FA15 /* [CP] Check Pods Manifest.lock */ = {
			isa = PBXShellScriptBuildPhase;
			buildActionMask = 2147483647;
			files = (
			);
			inputPaths = (
			);
			name = "[CP] Check Pods Manifest.lock";
			outputPaths = (
			);
			runOnlyForDeploymentPostprocessing = 0;
			shellPath = /bin/sh;
			shellScript = "diff \"${PODS_PODFILE_DIR_PATH}/Podfile.lock\" \"${PODS_ROOT}/Manifest.lock\" > /dev/null\nif [ $? != 0 ] ; then\n    # print error to STDERR\n    echo \"error: The sandbox is not in sync with the Podfile.lock. Run 'pod install' or update your CocoaPods installation.\" >&2\n    exit 1\nfi\n";
			showEnvVarsInLog = 0;
		};
/* End PBXShellScriptBuildPhase section */

/* Begin PBXSourcesBuildPhase section */
		7D2344C21EE806C400DBDB43 /* Sources */ = {
			isa = PBXSourcesBuildPhase;
			buildActionMask = 2147483647;
			files = (
				7D367301204FDB4A0076CD4E /* UIView+Extension.m in Sources */,
				7D367315204FDB4A0076CD4E /* BaseNavigationController.m in Sources */,
				7D367324204FDB8A0076CD4E /* BPTmpViewController.m in Sources */,
				7D367314204FDB4A0076CD4E /* BaseViewController.m in Sources */,
				7D36731B204FDB4A0076CD4E /* ViewController.m in Sources */,
				7D367300204FDB4A0076CD4E /* UIView+UIViewController.m in Sources */,
				7D367316204FDB4A0076CD4E /* TableViewViewController.m in Sources */,
				7D36731F204FDB4A0076CD4E /* AppDelegate.m in Sources */,
				7D367317204FDB4A0076CD4E /* TabBarViewController.m in Sources */,
				7D36731E204FDB4A0076CD4E /* main.m in Sources */,
				7D36730C204FDB4A0076CD4E /* MineViewController.m in Sources */,
			);
			runOnlyForDeploymentPostprocessing = 0;
		};
/* End PBXSourcesBuildPhase section */

/* Begin PBXVariantGroup section */
		7D3672F2204FDB4A0076CD4E /* LaunchScreen.storyboard */ = {
			isa = PBXVariantGroup;
			children = (
				7D3672F3204FDB4A0076CD4E /* Base */,
				7D367325204FDC900076CD4E /* zh-Hans */,
			);
			name = LaunchScreen.storyboard;
			sourceTree = "<group>";
		};
		7D3672F4204FDB4A0076CD4E /* Main.storyboard */ = {
			isa = PBXVariantGroup;
			children = (
				7D3672F5204FDB4A0076CD4E /* Base */,
				7D367326204FDC900076CD4E /* zh-Hans */,
			);
			name = Main.storyboard;
			sourceTree = "<group>";
		};
/* End PBXVariantGroup section */

/* Begin XCBuildConfiguration section */
		7D2344DB1EE806C400DBDB43 /* Debug */ = {
			isa = XCBuildConfiguration;
			buildSettings = {
				ALWAYS_SEARCH_USER_PATHS = NO;
				CLANG_ANALYZER_LOCALIZABILITY_NONLOCALIZED = YES;
				CLANG_ANALYZER_NONNULL = YES;
				CLANG_ANALYZER_NUMBER_OBJECT_CONVERSION = YES_AGGRESSIVE;
				CLANG_CXX_LANGUAGE_STANDARD = "gnu++0x";
				CLANG_CXX_LIBRARY = "libc++";
				CLANG_ENABLE_MODULES = YES;
				CLANG_ENABLE_OBJC_ARC = YES;
				CLANG_WARN_BOOL_CONVERSION = YES;
				CLANG_WARN_CONSTANT_CONVERSION = YES;
				CLANG_WARN_DIRECT_OBJC_ISA_USAGE = YES_ERROR;
				CLANG_WARN_DOCUMENTATION_COMMENTS = YES;
				CLANG_WARN_EMPTY_BODY = YES;
				CLANG_WARN_ENUM_CONVERSION = YES;
				CLANG_WARN_INFINITE_RECURSION = YES;
				CLANG_WARN_INT_CONVERSION = YES;
				CLANG_WARN_OBJC_ROOT_CLASS = YES_ERROR;
				CLANG_WARN_SUSPICIOUS_MOVE = YES;
				CLANG_WARN_UNREACHABLE_CODE = YES;
				CLANG_WARN__DUPLICATE_METHOD_MATCH = YES;
				"CODE_SIGN_IDENTITY[sdk=iphoneos*]" = "iPhone Developer";
				COPY_PHASE_STRIP = NO;
				DEBUG_INFORMATION_FORMAT = dwarf;
				ENABLE_STRICT_OBJC_MSGSEND = YES;
				ENABLE_TESTABILITY = YES;
				GCC_C_LANGUAGE_STANDARD = gnu99;
				GCC_DYNAMIC_NO_PIC = NO;
				GCC_NO_COMMON_BLOCKS = YES;
				GCC_OPTIMIZATION_LEVEL = 0;
				GCC_PREPROCESSOR_DEFINITIONS = (
					"DEBUG=1",
					"$(inherited)",
				);
				GCC_WARN_64_TO_32_BIT_CONVERSION = YES;
				GCC_WARN_ABOUT_RETURN_TYPE = YES_ERROR;
				GCC_WARN_UNDECLARED_SELECTOR = YES;
				GCC_WARN_UNINITIALIZED_AUTOS = YES_AGGRESSIVE;
				GCC_WARN_UNUSED_FUNCTION = YES;
				GCC_WARN_UNUSED_VARIABLE = YES;
				IPHONEOS_DEPLOYMENT_TARGET = 10.3;
				MTL_ENABLE_DEBUG_INFO = YES;
				ONLY_ACTIVE_ARCH = YES;
				SDKROOT = iphoneos;
			};
			name = Debug;
		};
		7D2344DC1EE806C400DBDB43 /* Release */ = {
			isa = XCBuildConfiguration;
			buildSettings = {
				ALWAYS_SEARCH_USER_PATHS = NO;
				CLANG_ANALYZER_LOCALIZABILITY_NONLOCALIZED = YES;
				CLANG_ANALYZER_NONNULL = YES;
				CLANG_ANALYZER_NUMBER_OBJECT_CONVERSION = YES_AGGRESSIVE;
				CLANG_CXX_LANGUAGE_STANDARD = "gnu++0x";
				CLANG_CXX_LIBRARY = "libc++";
				CLANG_ENABLE_MODULES = YES;
				CLANG_ENABLE_OBJC_ARC = YES;
				CLANG_WARN_BOOL_CONVERSION = YES;
				CLANG_WARN_CONSTANT_CONVERSION = YES;
				CLANG_WARN_DIRECT_OBJC_ISA_USAGE = YES_ERROR;
				CLANG_WARN_DOCUMENTATION_COMMENTS = YES;
				CLANG_WARN_EMPTY_BODY = YES;
				CLANG_WARN_ENUM_CONVERSION = YES;
				CLANG_WARN_INFINITE_RECURSION = YES;
				CLANG_WARN_INT_CONVERSION = YES;
				CLANG_WARN_OBJC_ROOT_CLASS = YES_ERROR;
				CLANG_WARN_SUSPICIOUS_MOVE = YES;
				CLANG_WARN_UNREACHABLE_CODE = YES;
				CLANG_WARN__DUPLICATE_METHOD_MATCH = YES;
				"CODE_SIGN_IDENTITY[sdk=iphoneos*]" = "iPhone Developer";
				COPY_PHASE_STRIP = NO;
				DEBUG_INFORMATION_FORMAT = "dwarf-with-dsym";
				ENABLE_NS_ASSERTIONS = NO;
				ENABLE_STRICT_OBJC_MSGSEND = YES;
				GCC_C_LANGUAGE_STANDARD = gnu99;
				GCC_NO_COMMON_BLOCKS = YES;
				GCC_WARN_64_TO_32_BIT_CONVERSION = YES;
				GCC_WARN_ABOUT_RETURN_TYPE = YES_ERROR;
				GCC_WARN_UNDECLARED_SELECTOR = YES;
				GCC_WARN_UNINITIALIZED_AUTOS = YES_AGGRESSIVE;
				GCC_WARN_UNUSED_FUNCTION = YES;
				GCC_WARN_UNUSED_VARIABLE = YES;
				IPHONEOS_DEPLOYMENT_TARGET = 10.3;
				MTL_ENABLE_DEBUG_INFO = NO;
				SDKROOT = iphoneos;
				VALIDATE_PRODUCT = YES;
			};
			name = Release;
		};
		7D2344DE1EE806C400DBDB43 /* Debug */ = {
			isa = XCBuildConfiguration;
			baseConfigurationReference = BFA9C8B61879D6A6DE55C7A3 /* Pods-BPGStyle.debug.xcconfig */;
			buildSettings = {
				ASSETCATALOG_COMPILER_APPICON_NAME = AppIcon;
				ASSETCATALOG_COMPILER_LAUNCHIMAGE_NAME = LaunchImage;
				DEVELOPMENT_TEAM = 56KLR2NSW8;
				ENABLE_BITCODE = NO;
				FRAMEWORK_SEARCH_PATHS = (
					"$(inherited)",
					"$(PROJECT_DIR)/BPGStyle/Third",
				);
				GCC_PRECOMPILE_PREFIX_HEADER = NO;
				GCC_PREFIX_HEADER = "/Users/baipeng/Desktop/BPG-oschina-ObjC/BPGStyle/BPGStyle/AppEntry/PrefixHeader.pch";
				INFOPLIST_FILE = "$(SRCROOT)/BPGStyle/AppEntry/Info.plist";
				IPHONEOS_DEPLOYMENT_TARGET = 8.0;
				LD_RUNPATH_SEARCH_PATHS = "$(inherited) @executable_path/Frameworks";
				PRODUCT_BUNDLE_IDENTIFIER = baipeng.com;
				PRODUCT_NAME = "$(TARGET_NAME)";
			};
			name = Debug;
		};
		7D2344DF1EE806C400DBDB43 /* Release */ = {
			isa = XCBuildConfiguration;
			baseConfigurationReference = 6C36E0230C6BB86A8F3FAADD /* Pods-BPGStyle.release.xcconfig */;
			buildSettings = {
				ASSETCATALOG_COMPILER_APPICON_NAME = AppIcon;
				ASSETCATALOG_COMPILER_LAUNCHIMAGE_NAME = LaunchImage;
				DEVELOPMENT_TEAM = 56KLR2NSW8;
				ENABLE_BITCODE = NO;
				FRAMEWORK_SEARCH_PATHS = (
					"$(inherited)",
					"$(PROJECT_DIR)/BPGStyle/Third",
				);
				GCC_PRECOMPILE_PREFIX_HEADER = NO;
				GCC_PREFIX_HEADER = "/Users/baipeng/Desktop/BPG-oschina-ObjC/BPGStyle/BPGStyle/AppEntry/PrefixHeader.pch";
				INFOPLIST_FILE = "$(SRCROOT)/BPGStyle/AppEntry/Info.plist";
				IPHONEOS_DEPLOYMENT_TARGET = 8.0;
				LD_RUNPATH_SEARCH_PATHS = "$(inherited) @executable_path/Frameworks";
				PRODUCT_BUNDLE_IDENTIFIER = baipeng.com;
				PRODUCT_NAME = "$(TARGET_NAME)";
			};
			name = Release;
		};
/* End XCBuildConfiguration section */

/* Begin XCConfigurationList section */
		7D2344C11EE806C400DBDB43 /* Build configuration list for PBXProject "BPGStyle" */ = {
			isa = XCConfigurationList;
			buildConfigurations = (
				7D2344DB1EE806C400DBDB43 /* Debug */,
				7D2344DC1EE806C400DBDB43 /* Release */,
			);
			defaultConfigurationIsVisible = 0;
			defaultConfigurationName = Release;
		};
		7D2344DD1EE806C400DBDB43 /* Build configuration list for PBXNativeTarget "BPGStyle" */ = {
			isa = XCConfigurationList;
			buildConfigurations = (
				7D2344DE1EE806C400DBDB43 /* Debug */,
				7D2344DF1EE806C400DBDB43 /* Release */,
			);
			defaultConfigurationIsVisible = 0;
			defaultConfigurationName = Release;
		};
/* End XCConfigurationList section */
	};
	rootObject = 7D2344BE1EE806C400DBDB43 /* Project object */;
}
